# apionly.lock -- the published contracts this project builds against.
# Generated by the Arc-E-Tect API-Only Subscriber. Commit it; do not edit it.
# Run `verifyApiSpec` to check that what is on disk still matches.
format 1

target books
version 1.0.1
channel file
sha256 6451c5ede7d6b6433df283b19039056836115e1527f089b8d9372b7717620af6 openapi.yaml
